
Microsoft Visual Studio Solution File, Format Version 12.00
Project("{FAE04EC0-301F-11D3-BF4B-00C04F79EFBC}") = "WelcomePage", "WelcomePage\WelcomePage.csproj", "{967B2125-433E-46AC-8A6E-B4B407B402C1}"
EndProject
Global
	GlobalSection(SolutionConfigurationPlatforms) = preSolution
		Debug|Any CPU = Debug|Any CPU
		Release|Any CPU = Release|Any CPU
	EndGlobalSection
	GlobalSection(ProjectConfigurationPlatforms) = postSolution
		{967B2125-433E-46AC-8A6E-B4B407B402C1}.Debug|Any CPU.ActiveCfg = Debug|Any CPU
		{967B2125-433E-46AC-8A6E-B4B407B402C1}.Debug|Any CPU.Build.0 = Debug|Any CPU
		{967B2125-433E-46AC-8A6E-B4B407B402C1}.Release|Any CPU.ActiveCfg = Release|Any CPU
		{967B2125-433E-46AC-8A6E-B4B407B402C1}.Release|Any CPU.Build.0 = Release|Any CPU
	EndGlobalSection
EndGlobal
